// !$*UTF8*$!
{
	archiveVersion = 1;
	classes = {
	};
	objectVersion = 46;
	objects = {

/* Begin PBXBuildFile section */
		7F69CDA029494D3300088FB8 /* AppDelegate.swift in Sources */ = {isa = PBXBuildFile; fileRef = 7F69CD9F29494D3300088FB8 /* AppDelegate.swift */; };
		7F69CDA229494D3300088FB8 /* ViewController.swift in Sources */ = {isa = PBXBuildFile; fileRef = 7F69CDA129494D3300088FB8 /* ViewController.swift */; };
		7F69CDA529494D3300088FB8 /* Main.storyboard in Resources */ = {isa = PBXBuildFile; fileRef = 7F69CDA329494D3300088FB8 /* Main.storyboard */; };
		7F69CDA729494D3300088FB8 /* Assets.xcassets in Resources */ = {isa = PBXBuildFile; fileRef = 7F69CDA629494D3300088FB8 /* Assets.xcassets */; };
		7F69CDAA29494D3300088FB8 /* LaunchScreen.storyboard in Resources */ = {isa = PBXBuildFile; fileRef = 7F69CDA829494D3300088FB8 /* LaunchScreen.storyboard */; };
		7F69CDB529494D3300088FB8 /* TicTacToeTests.swift in Sources */ = {isa = PBXBuildFile; fileRef = 7F69CDB429494D3300088FB8 /* TicTacToeTests.swift */; };
		7F69CDC029494D3300088FB8 /* TicTacToeUITests.swift in Sources */ = {isa = PBXBuildFile; fileRef = 7F69CDBF29494D3300088FB8 /* TicTacToeUITests.swift */; };
/* End PBXBuildFile section */

/* Begin PBXContainerItemProxy section */
		7F69CDB129494D3300088FB8 /* PBXContainerItemProxy */ = {
			isa = PBXContainerItemProxy;
			containerPortal = 7F69CD9429494D3300088FB8 /* Project object */;
			proxyType = 1;
			remoteGlobalIDString = 7F69CD9B29494D3300088FB8;
			remoteInfo = TicTacToe;
		};
		7F69CDBC29494D3300088FB8 /* PBXContainerItemProxy */ = {
			isa = PBXContainerItemProxy;
			containerPortal = 7F69CD9429494D3300088FB8 /* Project object */;
			proxyType = 1;
			remoteGlobalIDString = 7F69CD9B29494D3300088FB8;
			remoteInfo = TicTacToe;
		};
/* End PBXContainerItemProxy section */

/* Begin PBXFileReference section */
		7F69CD9C29494D3300088FB8 /* TicTacToe.app */ = {isa = PBXFileReference; explicitFileType = wrapper.application; includeInIndex = 0; path = TicTacToe.app; sourceTree = BUILT_PRODUCTS_DIR; };
		7F69CD9F29494D3300088FB8 /* AppDelegate.swift */ = {isa = PBXFileReference; lastKnownFileType = sourcecode.swift; path = AppDelegate.swift; sourceTree = "<group>"; };
		7F69CDA129494D3300088FB8 /* ViewController.swift */ = {isa = PBXFileReference; lastKnownFileType = sourcecode.swift; path = ViewController.swift; sourceTree = "<group>"; };
		7F69CDA429494D3300088FB8 /* Base */ = {isa = PBXFileReference; lastKnownFileType = file.storyboard; name = Base; path = Base.lproj/Main.storyboard; sourceTree = "<group>"; };
		7F69CDA629494D3300088FB8 /* Assets.xcassets */ = {isa = PBXFileReference; lastKnownFileType = folder.assetcatalog; path = Assets.xcassets; sourceTree = "<group>"; };
		7F69CDA929494D3300088FB8 /* Base */ = {isa = PBXFileReference; lastKnownFileType = file.storyboard; name = Base; path = Base.lproj/LaunchScreen.storyboard; sourceTree = "<group>"; };
		7F69CDAB29494D3300088FB8 /* Info.plist */ = {isa = PBXFileReference; lastKnownFileType = text.plist.xml; path = Info.plist; sourceTree = "<group>"; };
		7F69CDB029494D3300088FB8 /* TicTacToeTests.xctest */ = {isa = PBXFileReference; explicitFileType = wrapper.cfbundle; includeInIndex = 0; path = TicTacToeTests.xctest; sourceTree = BUILT_PRODUCTS_DIR; };
		7F69CDB429494D3300088FB8 /* TicTacToeTests.swift */ = {isa = PBXFileReference; lastKnownFileType = sourcecode.swift; path = TicTacToeTests.swift; sourceTree = "<group>"; };
		7F69CDB629494D3300088FB8 /* Info.plist */ = {isa = PBXFileReference; lastKnownFileType = text.plist.xml; path = Info.plist; sourceTree = "<group>"; };
		7F69CDBB29494D3300088FB8 /* TicTacToeUITests.xctest */ = {isa = PBXFileReference; explicitFileType = wrapper.cfbundle; includeInIndex = 0; path = TicTacToeUITests.xctest; sourceTree = BUILT_PRODUCTS_DIR; };
		7F69CDBF29494D3300088FB8 /* TicTacToeUITests.swift */ = {isa = PBXFileReference; lastKnownFileType = sourcecode.swift; path = TicTacToeUITests.swift; sourceTree = "<group>"; };
		7F69CDC129494D3300088FB8 /* Info.plist */ = {isa = PBXFileReference; lastKnownFileType = text.plist.xml; path = Info.plist; sourceTree = "<group>"; };
/* End PBXFileReference section */

/* Begin PBXFrameworksBuildPhase section */
		7F69CD9929494D3300088FB8 /* Frameworks */ = {
			isa = PBXFrameworksBuildPhase;
			buildActionMask = 2147483647;
			files = (
			);
			runOnlyForDeploymentPostprocessing = 0;
		};
		7F69CDAD29494D3300088FB8 /* Frameworks */ = {
			isa = PBXFrameworksBuildPhase;
			buildActionMask = 2147483647;
			files = (
			);
			runOnlyForDeploymentPostprocessing = 0;
		};
		7F69CDB829494D3300088FB8 /* Frameworks */ = {
			isa = PBXFrameworksBuildPhase;
			buildActionMask = 2147483647;
			files = (
			);
			runOnlyForDeploymentPostprocessing = 0;
		};
/* End PBXFrameworksBuildPhase section */

/* Begin PBXGroup section */
		7F69CD9329494D3300088FB8 = {
			isa = PBXGroup;
			children = (
				7F69CD9E29494D3300088FB8 /* TicTacToe */,
				7F69CDB329494D3300088FB8 /* TicTacToeTests */,
				7F69CDBE29494D3300088FB8 /* TicTacToeUITests */,
				7F69CD9D29494D3300088FB8 /* Products */,
			);
			sourceTree = "<group>";
		};
		7F69CD9D29494D3300088FB8 /* Products */ = {
			isa = PBXGroup;
			children = (
				7F69CD9C29494D3300088FB8 /* TicTacToe.app */,
				7F69CDB029494D3300088FB8 /* TicTacToeTests.xctest */,
				7F69CDBB29494D3300088FB8 /* TicTacToeUITests.xctest */,
			);
			name = Products;
			sourceTree = "<group>";
		};
		7F69CD9E29494D3300088FB8 /* TicTacToe */ = {
			isa = PBXGroup;
			children = (
				7F69CD9F29494D3300088FB8 /* AppDelegate.swift */,
				7F69CDA129494D3300088FB8 /* ViewController.swift */,
				7F69CDA329494D3300088FB8 /* Main.storyboard */,
				7F69CDA629494D3300088FB8 /* Assets.xcassets */,
				7F69CDA829494D3300088FB8 /* LaunchScreen.storyboard */,
				7F69CDAB29494D3300088FB8 /* Info.plist */,
			);
			path = TicTacToe;
			sourceTree = "<group>";
		};
		7F69CDB329494D3300088FB8 /* TicTacToeTests */ = {
			isa = PBXGroup;
			children = (
				7F69CDB429494D3300088FB8 /* TicTacToeTests.swift */,
				7F69CDB629494D3300088FB8 /* Info.plist */,
			);
			path = TicTacToeTests;
			sourceTree = "<group>";
		};
		7F69CDBE29494D3300088FB8 /* TicTacToeUITests */ = {
			isa = PBXGroup;
			children = (
				7F69CDBF29494D3300088FB8 /* TicTacToeUITests.swift */,
				7F69CDC129494D3300088FB8 /* Info.plist */,
			);
			path = TicTacToeUITests;
			sourceTree = "<group>";
		};
/* End PBXGroup section */

/* Begin PBXNativeTarget section */
		7F69CD9B29494D3300088FB8 /* TicTacToe */ = {
			isa = PBXNativeTarget;
			buildConfigurationList = 7F69CDC429494D3300088FB8 /* Build configuration list for PBXNativeTarget "TicTacToe" */;
			buildPhases = (
				7F69CD9829494D3300088FB8 /* Sources */,
				7F69CD9929494D3300088FB8 /* Frameworks */,
				7F69CD9A29494D3300088FB8 /* Resources */,
			);
			buildRules = (
			);
			dependencies = (
			);
			name = TicTacToe;
			productName = TicTacToe;
			productReference = 7F69CD9C29494D3300088FB8 /* TicTacToe.app */;
			productType = "com.apple.product-type.application";
		};
		7F69CDAF29494D3300088FB8 /* TicTacToeTests */ = {
			isa = PBXNativeTarget;
			buildConfigurationList = 7F69CDC729494D3300088FB8 /* Build configuration list for PBXNativeTarget "TicTacToeTests" */;
			buildPhases = (
				7F69CDAC29494D3300088FB8 /* Sources */,
				7F69CDAD29494D3300088FB8 /* Frameworks */,
				7F69CDAE29494D3300088FB8 /* Resources */,
			);
			buildRules = (
			);
			dependencies = (
				7F69CDB229494D3300088FB8 /* PBXTargetDependency */,
			);
			name = TicTacToeTests;
			productName = TicTacToeTests;
			productReference = 7F69CDB029494D3300088FB8 /* TicTacToeTests.xctest */;
			productType = "com.apple.product-type.bundle.unit-test";
		};
		7F69CDBA29494D3300088FB8 /* TicTacToeUITests */ = {
			isa = PBXNativeTarget;
			buildConfigurationList = 7F69CDCA29494D3300088FB8 /* Build configuration list for PBXNativeTarget "TicTacToeUITests" */;
			buildPhases = (
				7F69CDB729494D3300088FB8 /* Sources */,
				7F69CDB829494D3300088FB8 /* Frameworks */,
				7F69CDB929494D3300088FB8 /* Resources */,
			);
			buildRules = (
			);
			dependencies = (
				7F69CDBD29494D3300088FB8 /* PBXTargetDependency */,
			);
			name = TicTacToeUITests;
			productName = TicTacToeUITests;
			productReference = 7F69CDBB29494D3300088FB8 /* TicTacToeUITests.xctest */;
			productType = "com.apple.product-type.bundle.ui-testing";
		};
/* End PBXNativeTarget section */

/* Begin PBXProject section */
		7F69CD9429494D3300088FB8 /* Project object */ = {
			isa = PBXProject;
			attributes = {
				LastSwiftUpdateCheck = 0820;
				LastUpgradeCheck = 0820;
				ORGANIZATIONNAME = ITHS;
				TargetAttributes = {
					7F69CD9B29494D3300088FB8 = {
						CreatedOnToolsVersion = 8.2;
						ProvisioningStyle = Automatic;
					};
					7F69CDAF29494D3300088FB8 = {
						CreatedOnToolsVersion = 8.2;
						ProvisioningStyle = Automatic;
						TestTargetID = 7F69CD9B29494D3300088FB8;
					};
					7F69CDBA29494D3300088FB8 = {
						CreatedOnToolsVersion = 8.2;
						ProvisioningStyle = Automatic;
						TestTargetID = 7F69CD9B29494D3300088FB8;
					};
				};
			};
			buildConfigurationList = 7F69CD9729494D3300088FB8 /* Build configuration list for PBXProject "TicTacToe" */;
			compatibilityVersion = "Xcode 3.2";
			developmentRegion = English;
			hasScannedForEncodings = 0;
			knownRegions = (
				en,
				Base,
			);
			mainGroup = 7F69CD9329494D3300088FB8;
			productRefGroup = 7F69CD9D29494D3300088FB8 /* Products */;
			projectDirPath = "";
			projectRoot = "";
			targets = (
				7F69CD9B29494D3300088FB8 /* TicTacToe */,
				7F69CDAF29494D3300088FB8 /* TicTacToeTests */,
				7F69CDBA29494D3300088FB8 /* TicTacToeUITests */,
			);
		};
/* End PBXProject section */

/* Begin PBXResourcesBuildPhase section */
		7F69CD9A29494D3300088FB8 /* Resources */ = {
			isa = PBXResourcesBuildPhase;
			buildActionMask = 2147483647;
			files = (
				7F69CDAA29494D3300088FB8 /* LaunchScreen.storyboard in Resources */,
				7F69CDA729494D3300088FB8 /* Assets.xcassets in Resources */,
				7F69CDA529494D3300088FB8 /* Main.storyboard in Resources */,
			);
			runOnlyForDeploymentPostprocessing = 0;
		};
		7F69CDAE29494D3300088FB8 /* Resources */ = {
			isa = PBXResourcesBuildPhase;
			buildActionMask = 2147483647;
			files = (
			);
			runOnlyForDeploymentPostprocessing = 0;
		};
		7F69CDB929494D3300088FB8 /* Resources */ = {
			isa = PBXResourcesBuildPhase;
			buildActionMask = 2147483647;
			files = (
			);
			runOnlyForDeploymentPostprocessing = 0;
		};
/* End PBXResourcesBuildPhase section */

/* Begin PBXSourcesBuildPhase section */
		7F69CD9829494D3300088FB8 /* Sources */ = {
			isa = PBXSourcesBuildPhase;
			buildActionMask = 2147483647;
			files = (
				7F69CDA229494D3300088FB8 /* ViewController.swift in Sources */,
				7F69CDA029494D3300088FB8 /* AppDelegate.swift in Sources */,
			);
			runOnlyForDeploymentPostprocessing = 0;
		};
		7F69CDAC29494D3300088FB8 /* Sources */ = {
			isa = PBXSourcesBuildPhase;
			buildActionMask = 2147483647;
			files = (
				7F69CDB529494D3300088FB8 /* TicTacToeTests.swift in Sources */,
			);
			runOnlyForDeploymentPostprocessing = 0;
		};
		7F69CDB729494D3300088FB8 /* Sources */ = {
			isa = PBXSourcesBuildPhase;
			buildActionMask = 2147483647;
			files = (
				7F69CDC029494D3300088FB8 /* TicTacToeUITests.swift in Sources */,
			);
			runOnlyForDeploymentPostprocessing = 0;
		};
/* End PBXSourcesBuildPhase section */

/* Begin PBXTargetDependency section */
		7F69CDB229494D3300088FB8 /* PBXTargetDependency */ = {
			isa = PBXTargetDependency;
			target = 7F69CD9B29494D3300088FB8 /* TicTacToe */;
			targetProxy = 7F69CDB129494D3300088FB8 /* PBXContainerItemProxy */;
		};
		7F69CDBD29494D3300088FB8 /* PBXTargetDependency */ = {
			isa = PBXTargetDependency;
			target = 7F69CD9B29494D3300088FB8 /* TicTacToe */;
			targetProxy = 7F69CDBC29494D3300088FB8 /* PBXContainerItemProxy */;
		};
/* End PBXTargetDependency section */

/* Begin PBXVariantGroup section */
		7F69CDA329494D3300088FB8 /* Main.storyboard */ = {
			isa = PBXVariantGroup;
			children = (
				7F69CDA429494D3300088FB8 /* Base */,
			);
			name = Main.storyboard;
			sourceTree = "<group>";
		};
		7F69CDA829494D3300088FB8 /* LaunchScreen.storyboard */ = {
			isa = PBXVariantGroup;
			children = (
				7F69CDA929494D3300088FB8 /* Base */,
			);
			name = LaunchScreen.storyboard;
			sourceTree = "<group>";
		};
/* End PBXVariantGroup section */

/* Begin XCBuildConfiguration section */
		7F69CDC229494D3300088FB8 /* Debug */ = {
			isa = XCBuildConfiguration;
			buildSettings = {
				ALWAYS_SEARCH_USER_PATHS = NO;
				CLANG_ANALYZER_NONNULL = YES;
				CLANG_CXX_LANGUAGE_STANDARD = "gnu++0x";
				CLANG_CXX_LIBRARY = "libc++";
				CLANG_ENABLE_MODULES = YES;
				CLANG_ENABLE_OBJC_ARC = YES;
				CLANG_WARN_BOOL_CONVERSION = YES;
				CLANG_WARN_CONSTANT_CONVERSION = YES;
				CLANG_WARN_DIRECT_OBJC_ISA_USAGE = YES_ERROR;
				CLANG_WARN_DOCUMENTATION_COMMENTS = YES;
				CLANG_WARN_EMPTY_BODY = YES;
				CLANG_WARN_ENUM_CONVERSION = YES;
				CLANG_WARN_INFINITE_RECURSION = YES;
				CLANG_WARN_INT_CONVERSION = YES;
				CLANG_WARN_OBJC_ROOT_CLASS = YES_ERROR;
				CLANG_WARN_SUSPICIOUS_MOVE = YES;
				CLANG_WARN_UNREACHABLE_CODE = YES;
				CLANG_WARN__DUPLICATE_METHOD_MATCH = YES;
				"CODE_SIGN_IDENTITY[sdk=iphoneos*]" = "iPhone Developer";
				COPY_PHASE_STRIP = NO;
				DEBUG_INFORMATION_FORMAT = dwarf;
				ENABLE_STRICT_OBJC_MSGSEND = YES;
				ENABLE_TESTABILITY = YES;
				GCC_C_LANGUAGE_STANDARD = gnu99;
				GCC_DYNAMIC_NO_PIC = NO;
				GCC_NO_COMMON_BLOCKS = YES;
				GCC_OPTIMIZATION_LEVEL = 0;
				GCC_PREPROCESSOR_DEFINITIONS = (
					"DEBUG=1",
					"$(inherited)",
				);
				GCC_WARN_64_TO_32_BIT_CONVERSION = YES;
				GCC_WARN_ABOUT_RETURN_TYPE = YES_ERROR;
				GCC_WARN_UNDECLARED_SELECTOR = YES;
				GCC_WARN_UNINITIALIZED_AUTOS = YES_AGGRESSIVE;
				GCC_WARN_UNUSED_FUNCTION = YES;
				GCC_WARN_UNUSED_VARIABLE = YES;
				IPHONEOS_DEPLOYMENT_TARGET = 10.2;
				MTL_ENABLE_DEBUG_INFO = YES;
				ONLY_ACTIVE_ARCH = YES;
				SDKROOT = iphoneos;
				SWIFT_ACTIVE_COMPILATION_CONDITIONS = DEBUG;
				SWIFT_OPTIMIZATION_LEVEL = "-Onone";
			};
			name = Debug;
		};
		7F69CDC329494D3300088FB8 /* Release */ = {
			isa = XCBuildConfiguration;
			buildSettings = {
				ALWAYS_SEARCH_USER_PATHS = NO;
				CLANG_ANALYZER_NONNULL = YES;
				CLANG_CXX_LANGUAGE_STANDARD = "gnu++0x";
				CLANG_CXX_LIBRARY = "libc++";
				CLANG_ENABLE_MODULES = YES;
				CLANG_ENABLE_OBJC_ARC = YES;
				CLANG_WARN_BOOL_CONVERSION = YES;
				CLANG_WARN_CONSTANT_CONVERSION = YES;
				CLANG_WARN_DIRECT_OBJC_ISA_USAGE = YES_ERROR;
				CLANG_WARN_DOCUMENTATION_COMMENTS = YES;
				CLANG_WARN_EMPTY_BODY = YES;
				CLANG_WARN_ENUM_CONVERSION = YES;
				CLANG_WARN_INFINITE_RECURSION = YES;
				CLANG_WARN_INT_CONVERSION = YES;
				CLANG_WARN_OBJC_ROOT_CLASS = YES_ERROR;
				CLANG_WARN_SUSPICIOUS_MOVE = YES;
				CLANG_WARN_UNREACHABLE_CODE = YES;
				CLANG_WARN__DUPLICATE_METHOD_MATCH = YES;
				"CODE_SIGN_IDENTITY[sdk=iphoneos*]" = "iPhone Developer";
				COPY_PHASE_STRIP = NO;
				DEBUG_INFORMATION_FORMAT = "dwarf-with-dsym";
				ENABLE_NS_ASSERTIONS = NO;
				ENABLE_STRICT_OBJC_MSGSEND = YES;
				GCC_C_LANGUAGE_STANDARD = gnu99;
				GCC_NO_COMMON_BLOCKS = YES;
				GCC_WARN_64_TO_32_BIT_CONVERSION = YES;
				GCC_WARN_ABOUT_RETURN_TYPE = YES_ERROR;
				GCC_WARN_UNDECLARED_SELECTOR = YES;
				GCC_WARN_UNINITIALIZED_AUTOS = YES_AGGRESSIVE;
				GCC_WARN_UNUSED_FUNCTION = YES;
				GCC_WARN_UNUSED_VARIABLE = YES;
				IPHONEOS_DEPLOYMENT_TARGET = 10.2;
				MTL_ENABLE_DEBUG_INFO = NO;
				SDKROOT = iphoneos;
				SWIFT_OPTIMIZATION_LEVEL = "-Owholemodule";
				VALIDATE_PRODUCT = YES;
			};
			name = Release;
		};
		7F69CDC529494D3300088FB8 /* Debug */ = {
			isa = XCBuildConfiguration;
			buildSettings = {
				ASSETCATALOG_COMPILER_APPICON_NAME = AppIcon;
				INFOPLIST_FILE = TicTacToe/Info.plist;
				LD_RUNPATH_SEARCH_PATHS = "$(inherited) @executable_path/Frameworks";
				PRODUCT_BUNDLE_IDENTIFIER = iOSprojekts.TicTacToe;
				PRODUCT_NAME = "$(TARGET_NAME)";
				SWIFT_VERSION = 3.0;
			};
			name = Debug;
		};
		7F69CDC629494D3300088FB8 /* Release */ = {
			isa = XCBuildConfiguration;
			buildSettings = {
				ASSETCATALOG_COMPILER_APPICON_NAME = AppIcon;
				INFOPLIST_FILE = TicTacToe/Info.plist;
				LD_RUNPATH_SEARCH_PATHS = "$(inherited) @executable_path/Frameworks";
				PRODUCT_BUNDLE_IDENTIFIER = iOSprojekts.TicTacToe;
				PRODUCT_NAME = "$(TARGET_NAME)";
				SWIFT_VERSION = 3.0;
			};
			name = Release;
		};
		7F69CDC829494D3300088FB8 /* Debug */ = {
			isa = XCBuildConfiguration;
			buildSettings = {
				ALWAYS_EMBED_SWIFT_STANDARD_LIBRARIES = YES;
				BUNDLE_LOADER = "$(TEST_HOST)";
				INFOPLIST_FILE = TicTacToeTests/Info.plist;
				LD_RUNPATH_SEARCH_PATHS = "$(inherited) @executable_path/Frameworks @loader_path/Frameworks";
				PRODUCT_BUNDLE_IDENTIFIER = iOSprojekts.TicTacToeTests;
				PRODUCT_NAME = "$(TARGET_NAME)";
				SWIFT_VERSION = 3.0;
				TEST_HOST = "$(BUILT_PRODUCTS_DIR)/TicTacToe.app/TicTacToe";
			};
			name = Debug;
		};
		7F69CDC929494D3300088FB8 /* Release */ = {
			isa = XCBuildConfiguration;
			buildSettings = {
				ALWAYS_EMBED_SWIFT_STANDARD_LIBRARIES = YES;
				BUNDLE_LOADER = "$(TEST_HOST)";
				INFOPLIST_FILE = TicTacToeTests/Info.plist;
				LD_RUNPATH_SEARCH_PATHS = "$(inherited) @executable_path/Frameworks @loader_path/Frameworks";
				PRODUCT_BUNDLE_IDENTIFIER = iOSprojekts.TicTacToeTests;
				PRODUCT_NAME = "$(TARGET_NAME)";
				SWIFT_VERSION = 3.0;
				TEST_HOST = "$(BUILT_PRODUCTS_DIR)/TicTacToe.app/TicTacToe";
			};
			name = Release;
		};
		7F69CDCB29494D3300088FB8 /* Debug */ = {
			isa = XCBuildConfiguration;
			buildSettings = {
				ALWAYS_EMBED_SWIFT_STANDARD_LIBRARIES = YES;
				INFOPLIST_FILE = TicTacToeUITests/Info.plist;
				LD_RUNPATH_SEARCH_PATHS = "$(inherited) @executable_path/Frameworks @loader_path/Frameworks";
				PRODUCT_BUNDLE_IDENTIFIER = iOSprojekts.TicTacToeUITests;
				PRODUCT_NAME = "$(TARGET_NAME)";
				SWIFT_VERSION = 3.0;
				TEST_TARGET_NAME = TicTacToe;
			};
			name = Debug;
		};
		7F69CDCC29494D3300088FB8 /* Release */ = {
			isa = XCBuildConfiguration;
			buildSettings = {
				ALWAYS_EMBED_SWIFT_STANDARD_LIBRARIES = YES;
				INFOPLIST_FILE = TicTacToeUITests/Info.plist;
				LD_RUNPATH_SEARCH_PATHS = "$(inherited) @executable_path/Frameworks @loader_path/Frameworks";
				PRODUCT_BUNDLE_IDENTIFIER = iOSprojekts.TicTacToeUITests;
				PRODUCT_NAME = "$(TARGET_NAME)";
				SWIFT_VERSION = 3.0;
				TEST_TARGET_NAME = TicTacToe;
			};
			name = Release;
		};
/* End XCBuildConfiguration section */

/* Begin XCConfigurationList section */
		7F69CD9729494D3300088FB8 /* Build configuration list for PBXProject "TicTacToe" */ = {
			isa = XCConfigurationList;
			buildConfigurations = (
				7F69CDC229494D3300088FB8 /* Debug */,
				7F69CDC329494D3300088FB8 /* Release */,
			);
			defaultConfigurationIsVisible = 0;
			defaultConfigurationName = Release;
		};
		7F69CDC429494D3300088FB8 /* Build configuration list for PBXNativeTarget "TicTacToe" */ = {
			isa = XCConfigurationList;
			buildConfigurations = (
				7F69CDC529494D3300088FB8 /* Debug */,
				7F69CDC629494D3300088FB8 /* Release */,
			);
			defaultConfigurationIsVisible = 0;
		};
		7F69CDC729494D3300088FB8 /* Build configuration list for PBXNativeTarget "TicTacToeTests" */ = {
			isa = XCConfigurationList;
			buildConfigurations = (
				7F69CDC829494D3300088FB8 /* Debug */,
				7F69CDC929494D3300088FB8 /* Release */,
			);
			defaultConfigurationIsVisible = 0;
		};
		7F69CDCA29494D3300088FB8 /* Build configuration list for PBXNativeTarget "TicTacToeUITests" */ = {
			isa = XCConfigurationList;
			buildConfigurations = (
				7F69CDCB29494D3300088FB8 /* Debug */,
				7F69CDCC29494D3300088FB8 /* Release */,
			);
			defaultConfigurationIsVisible = 0;
		};
/* End XCConfigurationList section */
	};
	rootObject = 7F69CD9429494D3300088FB8 /* Project object */;
}
